
Microsoft Visual Studio Solution File, Format Version 12.00
Project("{2150E333-8FDC-42A3-9474-1A3956D46DE8}") = "studio", "studio", "{11C3A51D-2875-43D1-A4AD-B91714DA4584}"
EndProject
Project("{FAE04EC0-301F-11D3-BF4B-00C04F79EFBC}") = "LiveHAPI.Studio.Domain", "studio\LiveHAPI.Studio.Domain\LiveHAPI.Studio.Domain.csproj", "{EF2B550E-4AB9-44AC-BAB0-435B5E08BBE2}"
EndProject
Global
	GlobalSection(SolutionConfigurationPlatforms) = preSolution
		Debug|Any CPU = Debug|Any CPU
		Release|Any CPU = Release|Any CPU
	EndGlobalSection
	GlobalSection(NestedProjects) = preSolution
		{EF2B550E-4AB9-44AC-BAB0-435B5E08BBE2} = {11C3A51D-2875-43D1-A4AD-B91714DA4584}
	EndGlobalSection
	GlobalSection(ProjectConfigurationPlatforms) = postSolution
		{EF2B550E-4AB9-44AC-BAB0-435B5E08BBE2}.Debug|Any CPU.ActiveCfg = Debug|Any CPU
		{EF2B550E-4AB9-44AC-BAB0-435B5E08BBE2}.Debug|Any CPU.Build.0 = Debug|Any CPU
		{EF2B550E-4AB9-44AC-BAB0-435B5E08BBE2}.Release|Any CPU.ActiveCfg = Release|Any CPU
		{EF2B550E-4AB9-44AC-BAB0-435B5E08BBE2}.Release|Any CPU.Build.0 = Release|Any CPU
	EndGlobalSection
EndGlobal
